
Microsoft Visual Studio Solution File, Format Version 12.00
# Visual Studio Version 17
VisualStudioVersion = 17.14.36221.1 d17.14
MinimumVisualStudioVersion = 10.0.40219.1
Project("{FAE04EC0-301F-11D3-BF4B-00C04F79EFBC}") = "MyFirstGitRepo", "MyFirstGitRepo\MyFirstGitRepo.csproj", "{00323FE6-3242-41AE-A225-0108E3393D38}"
EndProject
Global
	GlobalSection(SolutionConfigurationPlatforms) = preSolution
		Debug|Any CPU = Debug|Any CPU
		Release|Any CPU = Release|Any CPU
	EndGlobalSection
	GlobalSection(ProjectConfigurationPlatforms) = postSolution
		{00323FE6-3242-41AE-A225-0108E3393D38}.Debug|Any CPU.ActiveCfg = Debug|Any CPU
		{00323FE6-3242-41AE-A225-0108E3393D38}.Debug|Any CPU.Build.0 = Debug|Any CPU
		{00323FE6-3242-41AE-A225-0108E3393D38}.Release|Any CPU.ActiveCfg = Release|Any CPU
		{00323FE6-3242-41AE-A225-0108E3393D38}.Release|Any CPU.Build.0 = Release|Any CPU
	EndGlobalSection
	GlobalSection(SolutionProperties) = preSolution
		HideSolutionNode = FALSE
	EndGlobalSection
	GlobalSection(ExtensibilityGlobals) = postSolution
		SolutionGuid = {893910FD-4236-40DD-9C56-325B084A214C}
	EndGlobalSection
EndGlobal
